lockfileVersion: '9.0'

settings:
  autoInstallPeers: true
  excludeLinksFromLockfile: false

importers:

  .:
    dependencies:
      chevrotain:
        specifier: ^11.1.1
        version: 11.1.1

packages:

  '@chevrotain/cst-dts-gen@11.1.1':
    resolution: {integrity: sha512-fRHyv6/f542qQqiRGalrfJl/evD39mAvbJLCekPazhiextEatq1Jx1K/i9gSd5NNO0ds03ek0Cbo/4uVKmOBcw==}

  '@chevrotain/gast@11.1.1':
    resolution: {integrity: sha512-Ko/5vPEYy1vn5CbCjjvnSO4U7GgxyGm+dfUZZJIWTlQFkXkyym0jFYrWEU10hyCjrA7rQtiHtBr0EaZqvHFZvg==}

  '@chevrotain/regexp-to-ast@11.1.1':
    resolution: {integrity: sha512-ctRw1OKSXkOrR8VTvOxrQ5USEc4sNrfwXHa1NuTcR7wre4YbjPcKw+82C2uylg/TEwFRgwLmbhlln4qkmDyteg==}

  '@chevrotain/types@11.1.1':
    resolution: {integrity: sha512-wb2ToxG8LkgPYnKe9FH8oGn3TMCBdnwiuNC5l5y+CtlaVRbCytU0kbVsk6CGrqTL4ZN4ksJa0TXOYbxpbthtqw==}

  '@chevrotain/utils@11.1.1':
    resolution: {integrity: sha512-71eTYMzYXYSFPrbg/ZwftSaSDld7UYlS8OQa3lNnn9jzNtpFbaReRRyghzqS7rI3CDaorqpPJJcXGHK+FE1TVQ==}

  chevrotain@11.1.1:
    resolution: {integrity: sha512-f0yv5CPKaFxfsPTBzX7vGuim4oIC1/gcS7LUGdBSwl2dU6+FON6LVUksdOo1qJjoUvXNn45urgh8C+0a24pACQ==}

  lodash-es@4.17.23:
    resolution: {integrity: sha512-kVI48u3PZr38HdYz98UmfPnXl2DXrpdctLrFLCd3kOx1xUkOmpFPx7gCWWM5MPkL/fD8zb+Ph0QzjGFs4+hHWg==}

snapshots:

  '@chevrotain/cst-dts-gen@11.1.1':
    dependencies:
      '@chevrotain/gast': 11.1.1
      '@chevrotain/types': 11.1.1
      lodash-es: 4.17.23

  '@chevrotain/gast@11.1.1':
    dependencies:
      '@chevrotain/types': 11.1.1
      lodash-es: 4.17.23

  '@chevrotain/regexp-to-ast@11.1.1': {}

  '@chevrotain/types@11.1.1': {}

  '@chevrotain/utils@11.1.1': {}

  chevrotain@11.1.1:
    dependencies:
      '@chevrotain/cst-dts-gen': 11.1.1
      '@chevrotain/gast': 11.1.1
      '@chevrotain/regexp-to-ast': 11.1.1
      '@chevrotain/types': 11.1.1
      '@chevrotain/utils': 11.1.1
      lodash-es: 4.17.23

  lodash-es@4.17.23: {}
